#MicroXplorer Configuration settings - do not modify
ADC1.AutoInjectedConv=DISABLE
ADC1.Channel-0\#ChannelRegularConversion=ADC_CHANNEL_0
ADC1.ClockPrescaler=ADC_CLOCK_SYNC_PCLK_DIV4
ADC1.IPParameters=Rank-0\#ChannelRegularConversion,Channel-0\#ChannelRegularConversion,SamplingTime-0\#ChannelRegularConversion,NbrOfConversionFlag,master,AutoInjectedConv,InjectedDiscontinuousConvMode,ClockPrescaler
ADC1.InjectedDiscontinuousConvMode=DISABLE
ADC1.NbrOfConversionFlag=1
ADC1.Rank-0\#ChannelRegularConversion=1
ADC1.SamplingTime-0\#ChannelRegularConversion=ADC_SAMPLETIME_3CYCLES
ADC1.master=1
ADC2.AutoInjectedConv=DISABLE
ADC2.Channel-4\#ChannelRegularConversion=ADC_CHANNEL_6
ADC2.ClockPrescaler=ADC_CLOCK_SYNC_PCLK_DIV4
ADC2.IPParameters=Rank-4\#ChannelRegularConversion,Channel-4\#ChannelRegularConversion,SamplingTime-4\#ChannelRegularConversion,NbrOfConversionFlag,AutoInjectedConv,InjectedDiscontinuousConvMode,ClockPrescaler
ADC2.InjectedDiscontinuousConvMode=DISABLE
ADC2.NbrOfConversionFlag=1
ADC2.Rank-4\#ChannelRegularConversion=1
ADC2.SamplingTime-4\#ChannelRegularConversion=ADC_SAMPLETIME_3CYCLES
DAC.DAC_Channel=DAC_CHANNEL_1
DAC.DAC_Channel2=DAC_CHANNEL_2
DAC.IPParameters=DAC_Channel,WaveGeneration,DAC_Channel2,WaveGeneration2
DAC.WaveGeneration=DISABLE
DAC.WaveGeneration2=DISABLE
File.Version=6
I2C1.DutyCycle=I2C_DUTYCYCLE_2
I2C1.IPParameters=DutyCycle
I2C2.DutyCycle=I2C_DUTYCYCLE_2
I2C2.IPParameters=DutyCycle
I2C3.DutyCycle=I2C_DUTYCYCLE_2
I2C3.IPParameters=DutyCycle
KeepUserPlacement=false
Mcu.Family=STM32F4
Mcu.IP0=ADC1
Mcu.IP1=ADC2
Mcu.IP10=RTC
Mcu.IP11=SPI1
Mcu.IP12=SPI2
Mcu.IP13=SYS
Mcu.IP14=TIM1
Mcu.IP15=TIM3
Mcu.IP16=TIM4
Mcu.IP17=TIM9
Mcu.IP18=UART4
Mcu.IP19=UART7
Mcu.IP2=CRYP
Mcu.IP20=USART1
Mcu.IP21=USART2
Mcu.IP22=USART3
Mcu.IP23=USB_OTG_FS
Mcu.IP3=DAC
Mcu.IP4=DMA2D
Mcu.IP5=I2C1
Mcu.IP6=I2C2
Mcu.IP7=I2C3
Mcu.IP8=NVIC
Mcu.IP9=RCC
Mcu.IPNb=24
Mcu.Name=STM32F437V(G-I)Tx
Mcu.Package=LQFP100
Mcu.Pin0=PE2
Mcu.Pin1=PE3
Mcu.Pin10=PA1
Mcu.Pin11=PA2
Mcu.Pin12=PA3
Mcu.Pin13=PA4
Mcu.Pin14=PA5
Mcu.Pin15=PA6
Mcu.Pin16=PA7
Mcu.Pin17=PB0
Mcu.Pin18=PB1
Mcu.Pin19=PE7
Mcu.Pin2=PE5
Mcu.Pin20=PE8
Mcu.Pin21=PE9
Mcu.Pin22=PB10
Mcu.Pin23=PB11
Mcu.Pin24=PB12
Mcu.Pin25=PB13
Mcu.Pin26=PB14
Mcu.Pin27=PD8
Mcu.Pin28=PD9
Mcu.Pin29=PD11
Mcu.Pin3=PC14/OSC32_IN
Mcu.Pin30=PD12
Mcu.Pin31=PC6
Mcu.Pin32=PC9
Mcu.Pin33=PA8
Mcu.Pin34=PA9
Mcu.Pin35=PA10
Mcu.Pin36=PA11
Mcu.Pin37=PA12
Mcu.Pin38=PA13
Mcu.Pin39=PA14
Mcu.Pin4=PC15/OSC32_OUT
Mcu.Pin40=PA15
Mcu.Pin41=PC10
Mcu.Pin42=PC11
Mcu.Pin43=PD0
Mcu.Pin44=PD1
Mcu.Pin45=PD2
Mcu.Pin46=PD3
Mcu.Pin47=PD4
Mcu.Pin48=PD5
Mcu.Pin49=PD6
Mcu.Pin5=PH0/OSC_IN
Mcu.Pin50=PB3
Mcu.Pin51=PB4
Mcu.Pin52=PB5
Mcu.Pin53=PB6
Mcu.Pin54=PB7
Mcu.Pin55=PB8
Mcu.Pin56=PE0
Mcu.Pin57=PE1
Mcu.Pin58=VP_CRYP_VS_CRYP
Mcu.Pin59=VP_DMA2D_VS_DMA2D
Mcu.Pin6=PH1/OSC_OUT
Mcu.Pin60=VP_RTC_VS_RTC_Activate
Mcu.Pin61=VP_RTC_VS_RTC_Calendar
Mcu.Pin62=VP_SYS_VS_Systick
Mcu.Pin63=VP_TIM1_VS_ClockSourceINT
Mcu.Pin64=VP_TIM3_VS_ClockSourceINT
Mcu.Pin65=VP_TIM4_VS_ClockSourceINT
Mcu.Pin66=VP_TIM9_VS_ClockSourceINT
Mcu.Pin7=PC2
Mcu.Pin8=PC3
Mcu.Pin9=PA0/WKUP
Mcu.PinsNb=67
Mcu.UserConstants=
Mcu.UserName=STM32F437VITx
MxCube.Version=4.20.0
MxDb.Version=DB.4.0.200
NVIC.BusFault_IRQn=true\:0\:0\:false\:false\:true
NVIC.DebugMonitor_IRQn=true\:0\:0\:false\:false\:true
NVIC.HardFault_IRQn=true\:0\:0\:false\:false\:true
NVIC.MemoryManagement_IRQn=true\:0\:0\:false\:false\:true
NVIC.NonMaskableInt_IRQn=true\:0\:0\:false\:false\:true
NVIC.PendSV_IRQn=true\:0\:0\:false\:false\:true
NVIC.PriorityGroup=NVIC_PRIORITYGROUP_4
NVIC.SVCall_IRQn=true\:0\:0\:false\:false\:true
NVIC.SysTick_IRQn=true\:0\:0\:false\:false\:true
NVIC.UsageFault_IRQn=true\:0\:0\:false\:false\:true
PA0/WKUP.GPIOParameters=GPIO_Label
PA0/WKUP.GPIO_Label=ADC0
PA0/WKUP.Signal=ADCx_IN0
PA1.GPIOParameters=GPIO_Label
PA1.GPIO_Label=ADC1
PA1.Signal=ADCx_IN1
PA10.Mode=Asynchronous
PA10.Signal=USART1_RX
PA11.Mode=Device_Only
PA11.Signal=USB_OTG_FS_DM
PA12.Mode=Device_Only
PA12.Signal=USB_OTG_FS_DP
PA13.Mode=Serial_Wire
PA13.Signal=SYS_JTMS-SWDIO
PA14.Mode=Serial_Wire
PA14.Signal=SYS_JTCK-SWCLK
PA15.Mode=NSS_Signal_Hard_Output
PA15.Signal=SPI1_NSS
PA2.GPIOParameters=GPIO_Label
PA2.GPIO_Label=ADC2
PA2.Signal=ADCx_IN2
PA3.GPIOParameters=GPIO_Label
PA3.GPIO_Label=ADC3
PA3.Signal=ADCx_IN3
PA4.GPIOParameters=GPIO_Label
PA4.GPIO_Label=DAC0
PA4.Signal=COMP_DAC1_group
PA5.GPIOParameters=GPIO_Label
PA5.GPIO_Label=DAC1
PA5.Signal=COMP_DAC2_group
PA6.GPIOParameters=GPIO_Label
PA6.GPIO_Label=ADC4
PA6.Signal=ADCx_IN6
PA7.GPIOParameters=GPIO_Label
PA7.GPIO_Label=ADC5
PA7.Signal=ADCx_IN7
PA8.Mode=I2C
PA8.Signal=I2C3_SCL
PA9.Mode=Activate_VBUS
PA9.Signal=USB_OTG_FS_VBUS
PB0.GPIOParameters=GPIO_Label
PB0.GPIO_Label=ADC6
PB0.Signal=ADCx_IN8
PB1.GPIOParameters=GPIO_Label
PB1.GPIO_Label=ADC7
PB1.Signal=ADCx_IN9
PB10.Mode=I2C
PB10.Signal=I2C2_SCL
PB11.Mode=I2C
PB11.Signal=I2C2_SDA
PB12.Mode=NSS_Signal_Hard_Output
PB12.Signal=SPI2_NSS
PB13.Mode=Full_Duplex_Master
PB13.Signal=SPI2_SCK
PB14.Mode=CTS_RTS
PB14.Signal=USART3_RTS
PB3.Mode=Full_Duplex_Master
PB3.Signal=SPI1_SCK
PB4.Mode=Full_Duplex_Master
PB4.Signal=SPI1_MISO
PB5.Mode=Full_Duplex_Master
PB5.Signal=SPI1_MOSI
PB6.Mode=Asynchronous
PB6.Signal=USART1_TX
PB7.Mode=I2C
PB7.Signal=I2C1_SDA
PB8.Mode=I2C
PB8.Signal=I2C1_SCL
PC10.Mode=Asynchronous
PC10.Signal=UART4_TX
PC11.Mode=Asynchronous
PC11.Signal=UART4_RX
PC14/OSC32_IN.Mode=LSE-External-Oscillator
PC14/OSC32_IN.Signal=RCC_OSC32_IN
PC15/OSC32_OUT.Mode=LSE-External-Oscillator
PC15/OSC32_OUT.Signal=RCC_OSC32_OUT
PC2.Mode=Full_Duplex_Master
PC2.Signal=SPI2_MISO
PC3.Mode=Full_Duplex_Master
PC3.Signal=SPI2_MOSI
PC6.GPIOParameters=GPIO_Label
PC6.GPIO_Label=PWM1
PC6.Signal=S_TIM3_CH1
PC9.Mode=I2C
PC9.Signal=I2C3_SDA
PCC.Checker=false
PCC.Line=STM32F427/437
PCC.MCU=STM32F437V(G-I)Tx
PCC.MXVersion=4.20.0
PCC.PartNumber=STM32F437VITx
PCC.Seq0=0
PCC.Series=STM32F4
PCC.Temperature=25
PCC.Vdd=3.3
PD0.GPIOParameters=GPIO_Label
PD0.GPIO_Label=GPIO0
PD0.Locked=true
PD0.Signal=GPIO_Output
PD1.GPIOParameters=GPIO_Label
PD1.GPIO_Label=GPIO1
PD1.Locked=true
PD1.Signal=GPIO_Output
PD11.Mode=CTS_RTS
PD11.Signal=USART3_CTS
PD12.Signal=S_TIM4_CH1
PD2.GPIOParameters=GPIO_Label
PD2.GPIO_Label=GPIO2
PD2.Locked=true
PD2.Signal=GPIO_Output
PD3.Mode=CTS_RTS
PD3.Signal=USART2_CTS
PD4.Mode=CTS_RTS
PD4.Signal=USART2_RTS
PD5.Mode=Asynchronous
PD5.Signal=USART2_TX
PD6.Mode=Asynchronous
PD6.Signal=USART2_RX
PD8.Mode=Asynchronous
PD8.Signal=USART3_TX
PD9.Mode=Asynchronous
PD9.Signal=USART3_RX
PE0.GPIOParameters=GPIO_Label
PE0.GPIO_Label=GPIO4
PE0.Locked=true
PE0.Signal=GPIO_Output
PE1.GPIOParameters=GPIO_Label
PE1.GPIO_Label=GPIO5
PE1.Locked=true
PE1.Signal=GPIO_Output
PE2.GPIOParameters=GPIO_Label
PE2.GPIO_Label=GPIO6
PE2.Locked=true
PE2.Signal=GPIO_Output
PE3.Locked=true
PE3.Signal=GPIO_Output
PE5.GPIOParameters=GPIO_Label
PE5.GPIO_Label=PWM3
PE5.Signal=S_TIM9_CH1
PE7.Mode=Asynchronous
PE7.Signal=UART7_RX
PE8.Mode=Asynchronous
PE8.Signal=UART7_TX
PE9.GPIOParameters=GPIO_Label
PE9.GPIO_Label=PWM0
PE9.Signal=S_TIM1_CH1
PH0/OSC_IN.Mode=HSE-External-Oscillator
PH0/OSC_IN.Signal=RCC_OSC_IN
PH1/OSC_OUT.Mode=HSE-External-Oscillator
PH1/OSC_OUT.Signal=RCC_OSC_OUT
RCC.48MHZClocksFreq_Value=48000000
RCC.AHBCLKDivider=RCC_SYSCLK_DIV1
RCC.AHBFreq_Value=72000000
RCC.APB1CLKDivider=RCC_HCLK_DIV2
RCC.APB1Freq_Value=36000000
RCC.APB1TimFreq_Value=72000000
RCC.APB2CLKDivider=RCC_HCLK_DIV1
RCC.APB2Freq_Value=72000000
RCC.APB2TimFreq_Value=72000000
RCC.ClockTypeHCLK=RCC_CLOCKTYPE_HCLK
RCC.ClockTypePCLK1=RCC_CLOCKTYPE_PCLK1
RCC.ClockTypePCLK2=RCC_CLOCKTYPE_PCLK2
RCC.ClockTypeSysClk=RCC_CLOCKTYPE_SYSCLK
RCC.CortexFreq_Value=72000000
RCC.Cortex_Div=SYSTICK_CLKSOURCE_HCLK
RCC.DATA_CACHE_ENABLE=1
RCC.EnableExtClockForI2S=false
RCC.EnableExtClockForSAIA=false
RCC.EnableExtClockForSAIB=false
RCC.EnableHSE=true
RCC.EnableHSERTCDevisor=true
RCC.EnableLSE=true
RCC.EnableLSERTC=true
RCC.EthernetFreq_Value=72000000
RCC.ExtClockEnable=false
RCC.FCLKCortexFreq_Value=72000000
RCC.FLatency=FLASH_LATENCY_2
RCC.FamilyName=M
RCC.HCLKFreq_Value=72000000
RCC.HSEState=RCC_HSE_ON
RCC.HSE_VALUE=8000000
RCC.HSIState=RCC_HSI_OFF
RCC.HSI_VALUE=16000000
RCC.I2SClocksFreq_Value=192000000
RCC.I2SEnable=false
RCC.INSTRUCTION_CACHE_ENABLE=1
RCC.IPParameters=48MHZClocksFreq_Value,AHBCLKDivider,AHBFreq_Value,APB1CLKDivider,APB1Freq_Value,APB1TimFreq_Value,APB2CLKDivider,APB2Freq_Value,APB2TimFreq_Value,ClockTypeHCLK,ClockTypePCLK1,ClockTypePCLK2,ClockTypeSysClk,CortexFreq_Value,Cortex_Div,DATA_CACHE_ENABLE,EnableExtClockForI2S,EnableExtClockForSAIA,EnableExtClockForSAIB,EnableHSE,EnableHSERTCDevisor,EnableLSE,EnableLSERTC,EthernetFreq_Value,ExtClockEnable,FCLKCortexFreq_Value,FLatency,FamilyName,HCLKFreq_Value,HSEState,HSE_VALUE,HSIState,HSI_VALUE,I2SClocksFreq_Value,I2SEnable,INSTRUCTION_CACHE_ENABLE,IWDGEnable,LSEState,LSIState,LSI_VALUE,LTDCEnable,MCO1OutPutEnable,MCO2OutPutEnable,MCO2PinFreq_Value,OscillatorTypeHSE,OscillatorTypeHSI,OscillatorTypeLSE,OscillatorTypeLSI,PLLCLKFreq_Value,PLLI2SCLKSAIA_BEnable,PLLM,PLLN,PLLP,PLLQ,PLLQCLKFreq_Value,PLLSource,PLLSourceVirtual,PLLState,PREFETCH_ENABLE,PWREXT_OverDrive,PWR_Regulator_Voltage_Scale,RCC_MCODiv1,RCC_MCODiv2,RCC_PERIPHCLK_RTCVar,RCC_RTC_Clock_Source,RCC_RTC_Clock_SourceVirtual,RCC_RTC_Clock_Source_FROM_HSE,RCC_TIM_PRescaler_Selection,RNGEnable,RTCEnable,RTCFreq_Value,RTCHSEDivFreq_Value,SAIAEnable,SAIBEnable,SAI_AClocksFreq_Value,SAI_BClocksFreq_Value,SDIOEnable,SYSCLKFreq_VALUE,SYSCLKSource,USBFSEnable,USBHSEnable,VCOI2SOutputFreq_Value,VCOInputFreq_Value,VCOOutputFreq_Value,VCOSAIOutputFreq_Value,VCOSAIOutputFreq_ValueQ,VcooutputI2S,VcooutputI2SQ
RCC.IWDGEnable=false
RCC.LSEState=RCC_LSE_ON
RCC.LSIState=RCC_LSI_OFF
RCC.LSI_VALUE=32000
RCC.LTDCEnable=false
RCC.MCO1OutPutEnable=false
RCC.MCO2OutPutEnable=false
RCC.MCO2PinFreq_Value=72000000
RCC.OscillatorTypeHSE=RCC_OSCILLATORTYPE_HSE
RCC.OscillatorTypeHSI=RCC_OSCILLATORTYPE_HSI
RCC.OscillatorTypeLSE=RCC_OSCILLATORTYPE_LSE
RCC.OscillatorTypeLSI=
RCC.PLLCLKFreq_Value=72000000
RCC.PLLI2SCLKSAIA_BEnable=false
RCC.PLLM=4
RCC.PLLN=72
RCC.PLLP=RCC_PLLP_DIV2
RCC.PLLQ=3
RCC.PLLQCLKFreq_Value=48000000
RCC.PLLSource=RCC_PLLSOURCE_HSE
RCC.PLLSourceVirtual=RCC_PLLSOURCE_HSE
RCC.PLLState=RCC_PLL_ON
RCC.PREFETCH_ENABLE=1
RCC.PWREXT_OverDrive=PWREXT_OverDrive_ACTIVATED
RCC.PWR_Regulator_Voltage_Scale=PWR_REGULATOR_VOLTAGE_SCALE1
RCC.RCC_MCODiv1=RCC_MCODIV_1
RCC.RCC_MCODiv2=RCC_MCODIV_1
RCC.RCC_PERIPHCLK_RTCVar=RCC_PERIPHCLK_RTC
RCC.RCC_RTC_Clock_Source=RCC_RTCCLKSOURCE_LSE
RCC.RCC_RTC_Clock_SourceVirtual=RCC_RTCCLKSOURCE_LSE
RCC.RCC_RTC_Clock_Source_FROM_HSE=RCC_RTCCLKSOURCE_HSE_DIV2
RCC.RCC_TIM_PRescaler_Selection=RCC_TIMPRES_DESACTIVATED
RCC.RNGEnable=false
RCC.RTCEnable=true
RCC.RTCFreq_Value=32768
RCC.RTCHSEDivFreq_Value=4000000
RCC.SAIAEnable=false
RCC.SAIBEnable=false
RCC.SAI_AClocksFreq_Value=24500000
RCC.SAI_BClocksFreq_Value=24500000
RCC.SDIOEnable=false
RCC.SYSCLKFreq_VALUE=72000000
RCC.SYSCLKSource=RCC_SYSCLKSOURCE_PLLCLK
RCC.USBFSEnable=true
RCC.USBHSEnable=false
RCC.VCOI2SOutputFreq_Value=384000000
RCC.VCOInputFreq_Value=2000000
RCC.VCOOutputFreq_Value=144000000
RCC.VCOSAIOutputFreq_Value=98000000
RCC.VCOSAIOutputFreq_ValueQ=24500000
RCC.VcooutputI2S=192000000
RCC.VcooutputI2SQ=192000000
RTC.IPParameters=OutPut,OutPutPolarity,OutPutType
RTC.OutPut=RTC_OUTPUT_DISABLE
RTC.OutPutPolarity=RTC_OUTPUT_POLARITY_HIGH
RTC.OutPutType=RTC_OUTPUT_TYPE_OPENDRAIN
SH.ADCx_IN0.0=ADC1_IN0,IN0
SH.ADCx_IN0.ConfNb=1
SH.ADCx_IN1.0=ADC1_IN1,IN1
SH.ADCx_IN1.ConfNb=1
SH.ADCx_IN2.0=ADC1_IN2,IN2
SH.ADCx_IN2.ConfNb=1
SH.ADCx_IN3.0=ADC1_IN3,IN3
SH.ADCx_IN3.ConfNb=1
SH.ADCx_IN6.0=ADC2_IN6,IN6
SH.ADCx_IN6.ConfNb=1
SH.ADCx_IN7.0=ADC2_IN7,IN7
SH.ADCx_IN7.ConfNb=1
SH.ADCx_IN8.0=ADC2_IN8,IN8
SH.ADCx_IN8.ConfNb=1
SH.ADCx_IN9.0=ADC2_IN9,IN9
SH.ADCx_IN9.ConfNb=1
SH.COMP_DAC1_group.0=DAC_OUT1,DAC_OUT1
SH.COMP_DAC1_group.ConfNb=1
SH.COMP_DAC2_group.0=DAC_OUT2,DAC_OUT2
SH.COMP_DAC2_group.ConfNb=1
SH.S_TIM1_CH1.0=TIM1_CH1,PWM Generation1 CH1
SH.S_TIM1_CH1.ConfNb=1
SH.S_TIM3_CH1.0=TIM3_CH1,PWM Generation1 CH1
SH.S_TIM3_CH1.ConfNb=1
SH.S_TIM4_CH1.0=TIM4_CH1,PWM Generation1 CH1
SH.S_TIM4_CH1.ConfNb=1
SH.S_TIM9_CH1.0=TIM9_CH1,PWM Generation1 CH1
SH.S_TIM9_CH1.ConfNb=1
SPI1.CRCPolynomial=10
SPI1.CalculateBaudRate=36.0 MBits/s
SPI1.Direction=SPI_DIRECTION_2LINES
SPI1.IPParameters=CalculateBaudRate,VirtualType,Mode,Direction,CRCPolynomial,VirtualNSS
SPI1.Mode=SPI_MODE_MASTER
SPI1.VirtualNSS=VM_NSSHARD
SPI1.VirtualType=VM_MASTER
SPI2.CRCPolynomial=10
SPI2.CalculateBaudRate=18.0 MBits/s
SPI2.Direction=SPI_DIRECTION_2LINES
SPI2.IPParameters=CalculateBaudRate,VirtualType,Mode,Direction,CRCPolynomial,VirtualNSS
SPI2.Mode=SPI_MODE_MASTER
SPI2.VirtualNSS=VM_NSSHARD
SPI2.VirtualType=VM_MASTER
TIM1.Channel-PWM\ Generation1\ CH1=TIM_CHANNEL_1
TIM1.IPParameters=Channel-PWM Generation1 CH1,OCNPolarity_1,OCNIdleState_1
TIM1.OCNIdleState_1=TIM_OCNIDLESTATE_RESET
TIM1.OCNPolarity_1=TIM_OCNPOLARITY_HIGH
TIM3.Channel-PWM\ Generation1\ CH1=TIM_CHANNEL_1
TIM3.IPParameters=Channel-PWM Generation1 CH1
TIM4.Channel-PWM\ Generation1\ CH1=TIM_CHANNEL_1
TIM4.IPParameters=Channel-PWM Generation1 CH1
TIM9.Channel-PWM\ Generation1\ CH1=TIM_CHANNEL_1
TIM9.IPParameters=Channel-PWM Generation1 CH1
UART4.IPParameters=VirtualMode
UART4.VirtualMode=Asynchronous
UART7.IPParameters=VirtualMode
UART7.VirtualMode=Asynchronous
USART1.HwFlowCtl-Asynchronous=UART_HWCONTROL_NONE
USART1.IPParameters=VirtualMode,HwFlowCtl-Asynchronous
USART1.VirtualMode=VM_ASYNC
USART2.HwFlowCtl-Asynchronous=UART_HWCONTROL_RTS_CTS
USART2.HwFlowCtl-CTS_RTS=UART_HWCONTROL_RTS_CTS
USART2.IPParameters=VirtualMode,HwFlowCtl-Asynchronous,HwFlowCtl-CTS_RTS
USART2.VirtualMode=VM_ASYNC
USART3.HwFlowCtl-Asynchronous=UART_HWCONTROL_RTS_CTS
USART3.HwFlowCtl-CTS_RTS=UART_HWCONTROL_RTS_CTS
USART3.IPParameters=VirtualMode,HwFlowCtl-Asynchronous,HwFlowCtl-CTS_RTS
USART3.VirtualMode=VM_ASYNC
USB_OTG_FS.IPParameters=VirtualMode,phy_itface
USB_OTG_FS.VirtualMode=Device_Only
USB_OTG_FS.phy_itface=PCD_PHY_EMBEDDED
VP_CRYP_VS_CRYP.Mode=CRYP_Activate
VP_CRYP_VS_CRYP.Signal=CRYP_VS_CRYP
VP_DMA2D_VS_DMA2D.Mode=DMA2D_Activate
VP_DMA2D_VS_DMA2D.Signal=DMA2D_VS_DMA2D
VP_RTC_VS_RTC_Activate.Mode=RTC_Enabled
VP_RTC_VS_RTC_Activate.Signal=RTC_VS_RTC_Activate
VP_RTC_VS_RTC_Calendar.Mode=RTC_Calendar
VP_RTC_VS_RTC_Calendar.Signal=RTC_VS_RTC_Calendar
VP_SYS_VS_Systick.Mode=SysTick
VP_SYS_VS_Systick.Signal=SYS_VS_Systick
VP_TIM1_VS_ClockSourceINT.Mode=Internal
VP_TIM1_VS_ClockSourceINT.Signal=TIM1_VS_ClockSourceINT
VP_TIM3_VS_ClockSourceINT.Mode=Internal
VP_TIM3_VS_ClockSourceINT.Signal=TIM3_VS_ClockSourceINT
VP_TIM4_VS_ClockSourceINT.Mode=Internal
VP_TIM4_VS_ClockSourceINT.Signal=TIM4_VS_ClockSourceINT
VP_TIM9_VS_ClockSourceINT.Mode=Internal
VP_TIM9_VS_ClockSourceINT.Signal=TIM9_VS_ClockSourceINT
